
Microsoft Visual Studio Solution File, Format Version 12.00
# Visual Studio 14
VisualStudioVersion = 14.0.25123.0
MinimumVisualStudioVersion = 10.0.40219.1
Project("{FAE04EC0-301F-11D3-BF4B-00C04F79EFBC}") = "HMV.Droid", "HMV\HMV.Droid\HMV.Droid.csproj", "{91CECBED-0280-4273-A5E2-A630F8949A5D}"
EndProject
Project("{FAE04EC0-301F-11D3-BF4B-00C04F79EFBC}") = "HMV.Shared", "HMV\HMV.Shared\HMV.Shared.csproj", "{FB1756BA-5D9D-4397-B7A4-D99959AD69A0}"
EndProject
Project("{FAE04EC0-301F-11D3-BF4B-00C04F79EFBC}") = "HMV.JarBinding", "HMV\HMV.JarBinding\HMV.JarBinding.csproj", "{51626883-E349-43FD-A4D8-81040F18F149}"
EndProject
Global
	GlobalSection(SolutionConfigurationPlatforms) = preSolution
		AppStore|Any CPU = AppStore|Any CPU
		AppStore|ARM = AppStore|ARM
		AppStore|iPhone = AppStore|iPhone
		AppStore|iPhoneSimulator = AppStore|iPhoneSimulator
		AppStore|x86 = AppStore|x86
		Debug|Any CPU = Debug|Any CPU
		Debug|ARM = Debug|ARM
		Debug|iPhone = Debug|iPhone
		Debug|iPhoneSimulator = Debug|iPhoneSimulator
		Debug|x86 = Debug|x86
		Release|Any CPU = Release|Any CPU
		Release|ARM = Release|ARM
		Release|iPhone = Release|iPhone
		Release|iPhoneSimulator = Release|iPhoneSimulator
		Release|x86 = Release|x86
	EndGlobalSection
	GlobalSection(ProjectConfigurationPlatforms) = postSolution
		{91CECBED-0280-4273-A5E2-A630F8949A5D}.AppStore|Any CPU.ActiveCfg = Release|Any CPU
		{91CECBED-0280-4273-A5E2-A630F8949A5D}.AppStore|Any CPU.Build.0 = Release|Any CPU
		{91CECBED-0280-4273-A5E2-A630F8949A5D}.AppStore|Any CPU.Deploy.0 = Release|Any CPU
		{91CECBED-0280-4273-A5E2-A630F8949A5D}.AppStore|ARM.ActiveCfg = Release|Any CPU
		{91CECBED-0280-4273-A5E2-A630F8949A5D}.AppStore|ARM.Build.0 = Release|Any CPU
		{91CECBED-0280-4273-A5E2-A630F8949A5D}.AppStore|ARM.Deploy.0 = Release|Any CPU
		{91CECBED-0280-4273-A5E2-A630F8949A5D}.AppStore|iPhone.ActiveCfg = Release|Any CPU
		{91CECBED-0280-4273-A5E2-A630F8949A5D}.AppStore|iPhone.Build.0 = Release|Any CPU
		{91CECBED-0280-4273-A5E2-A630F8949A5D}.AppStore|iPhone.Deploy.0 = Release|Any CPU
		{91CECBED-0280-4273-A5E2-A630F8949A5D}.AppStore|iPhoneSimulator.ActiveCfg = Release|Any CPU
		{91CECBED-0280-4273-A5E2-A630F8949A5D}.AppStore|iPhoneSimulator.Build.0 = Release|Any CPU
		{91CECBED-0280-4273-A5E2-A630F8949A5D}.AppStore|iPhoneSimulator.Deploy.0 = Release|Any CPU
		{91CECBED-0280-4273-A5E2-A630F8949A5D}.AppStore|x86.ActiveCfg = Release|Any CPU
		{91CECBED-0280-4273-A5E2-A630F8949A5D}.AppStore|x86.Build.0 = Release|Any CPU
		{91CECBED-0280-4273-A5E2-A630F8949A5D}.AppStore|x86.Deploy.0 = Release|Any CPU
		{91CECBED-0280-4273-A5E2-A630F8949A5D}.Debug|Any CPU.ActiveCfg = Debug|Any CPU
		{91CECBED-0280-4273-A5E2-A630F8949A5D}.Debug|Any CPU.Build.0 = Debug|Any CPU
		{91CECBED-0280-4273-A5E2-A630F8949A5D}.Debug|Any CPU.Deploy.0 = Debug|Any CPU
		{91CECBED-0280-4273-A5E2-A630F8949A5D}.Debug|ARM.ActiveCfg = Debug|Any CPU
		{91CECBED-0280-4273-A5E2-A630F8949A5D}.Debug|ARM.Build.0 = Debug|Any CPU
		{91CECBED-0280-4273-A5E2-A630F8949A5D}.Debug|ARM.Deploy.0 = Debug|Any CPU
		{91CECBED-0280-4273-A5E2-A630F8949A5D}.Debug|iPhone.ActiveCfg = Debug|Any CPU
		{91CECBED-0280-4273-A5E2-A630F8949A5D}.Debug|iPhone.Build.0 = Debug|Any CPU
		{91CECBED-0280-4273-A5E2-A630F8949A5D}.Debug|iPhone.Deploy.0 = Debug|Any CPU
		{91CECBED-0280-4273-A5E2-A630F8949A5D}.Debug|iPhoneSimulator.ActiveCfg = Debug|Any CPU
		{91CECBED-0280-4273-A5E2-A630F8949A5D}.Debug|iPhoneSimulator.Build.0 = Debug|Any CPU
		{91CECBED-0280-4273-A5E2-A630F8949A5D}.Debug|iPhoneSimulator.Deploy.0 = Debug|Any CPU
		{91CECBED-0280-4273-A5E2-A630F8949A5D}.Debug|x86.ActiveCfg = Debug|Any CPU
		{91CECBED-0280-4273-A5E2-A630F8949A5D}.Debug|x86.Build.0 = Debug|Any CPU
		{91CECBED-0280-4273-A5E2-A630F8949A5D}.Debug|x86.Deploy.0 = Debug|Any CPU
		{91CECBED-0280-4273-A5E2-A630F8949A5D}.Release|Any CPU.ActiveCfg = Release|Any CPU
		{91CECBED-0280-4273-A5E2-A630F8949A5D}.Release|Any CPU.Build.0 = Release|Any CPU
		{91CECBED-0280-4273-A5E2-A630F8949A5D}.Release|Any CPU.Deploy.0 = Release|Any CPU
		{91CECBED-0280-4273-A5E2-A630F8949A5D}.Release|ARM.ActiveCfg = Release|Any CPU
		{91CECBED-0280-4273-A5E2-A630F8949A5D}.Release|ARM.Build.0 = Release|Any CPU
		{91CECBED-0280-4273-A5E2-A630F8949A5D}.Release|ARM.Deploy.0 = Release|Any CPU
		{91CECBED-0280-4273-A5E2-A630F8949A5D}.Release|iPhone.ActiveCfg = Release|Any CPU
		{91CECBED-0280-4273-A5E2-A630F8949A5D}.Release|iPhone.Build.0 = Release|Any CPU
		{91CECBED-0280-4273-A5E2-A630F8949A5D}.Release|iPhone.Deploy.0 = Release|Any CPU
		{91CECBED-0280-4273-A5E2-A630F8949A5D}.Release|iPhoneSimulator.ActiveCfg = Release|Any CPU
		{91CECBED-0280-4273-A5E2-A630F8949A5D}.Release|iPhoneSimulator.Build.0 = Release|Any CPU
		{91CECBED-0280-4273-A5E2-A630F8949A5D}.Release|iPhoneSimulator.Deploy.0 = Release|Any CPU
		{91CECBED-0280-4273-A5E2-A630F8949A5D}.Release|x86.ActiveCfg = Release|Any CPU
		{91CECBED-0280-4273-A5E2-A630F8949A5D}.Release|x86.Build.0 = Release|Any CPU
		{91CECBED-0280-4273-A5E2-A630F8949A5D}.Release|x86.Deploy.0 = Release|Any CPU
		{FB1756BA-5D9D-4397-B7A4-D99959AD69A0}.AppStore|Any CPU.ActiveCfg = Release|Any CPU
		{FB1756BA-5D9D-4397-B7A4-D99959AD69A0}.AppStore|Any CPU.Build.0 = Release|Any CPU
		{FB1756BA-5D9D-4397-B7A4-D99959AD69A0}.AppStore|ARM.ActiveCfg = Release|Any CPU
		{FB1756BA-5D9D-4397-B7A4-D99959AD69A0}.AppStore|ARM.Build.0 = Release|Any CPU
		{FB1756BA-5D9D-4397-B7A4-D99959AD69A0}.AppStore|iPhone.ActiveCfg = Release|Any CPU
		{FB1756BA-5D9D-4397-B7A4-D99959AD69A0}.AppStore|iPhone.Build.0 = Release|Any CPU
		{FB1756BA-5D9D-4397-B7A4-D99959AD69A0}.AppStore|iPhoneSimulator.ActiveCfg = Release|Any CPU
		{FB1756BA-5D9D-4397-B7A4-D99959AD69A0}.AppStore|iPhoneSimulator.Build.0 = Release|Any CPU
		{FB1756BA-5D9D-4397-B7A4-D99959AD69A0}.AppStore|x86.ActiveCfg = Release|Any CPU
		{FB1756BA-5D9D-4397-B7A4-D99959AD69A0}.AppStore|x86.Build.0 = Release|Any CPU
		{FB1756BA-5D9D-4397-B7A4-D99959AD69A0}.Debug|Any CPU.ActiveCfg = Debug|Any CPU
		{FB1756BA-5D9D-4397-B7A4-D99959AD69A0}.Debug|Any CPU.Build.0 = Debug|Any CPU
		{FB1756BA-5D9D-4397-B7A4-D99959AD69A0}.Debug|ARM.ActiveCfg = Debug|Any CPU
		{FB1756BA-5D9D-4397-B7A4-D99959AD69A0}.Debug|ARM.Build.0 = Debug|Any CPU
		{FB1756BA-5D9D-4397-B7A4-D99959AD69A0}.Debug|iPhone.ActiveCfg = Debug|Any CPU
		{FB1756BA-5D9D-4397-B7A4-D99959AD69A0}.Debug|iPhone.Build.0 = Debug|Any CPU
		{FB1756BA-5D9D-4397-B7A4-D99959AD69A0}.Debug|iPhoneSimulator.ActiveCfg = Debug|Any CPU
		{FB1756BA-5D9D-4397-B7A4-D99959AD69A0}.Debug|iPhoneSimulator.Build.0 = Debug|Any CPU
		{FB1756BA-5D9D-4397-B7A4-D99959AD69A0}.Debug|x86.ActiveCfg = Debug|Any CPU
		{FB1756BA-5D9D-4397-B7A4-D99959AD69A0}.Debug|x86.Build.0 = Debug|Any CPU
		{FB1756BA-5D9D-4397-B7A4-D99959AD69A0}.Release|Any CPU.ActiveCfg = Release|Any CPU
		{FB1756BA-5D9D-4397-B7A4-D99959AD69A0}.Release|Any CPU.Build.0 = Release|Any CPU
		{FB1756BA-5D9D-4397-B7A4-D99959AD69A0}.Release|ARM.ActiveCfg = Release|Any CPU
		{FB1756BA-5D9D-4397-B7A4-D99959AD69A0}.Release|ARM.Build.0 = Release|Any CPU
		{FB1756BA-5D9D-4397-B7A4-D99959AD69A0}.Release|iPhone.ActiveCfg = Release|Any CPU
		{FB1756BA-5D9D-4397-B7A4-D99959AD69A0}.Release|iPhone.Build.0 = Release|Any CPU
		{FB1756BA-5D9D-4397-B7A4-D99959AD69A0}.Release|iPhoneSimulator.ActiveCfg = Release|Any CPU
		{FB1756BA-5D9D-4397-B7A4-D99959AD69A0}.Release|iPhoneSimulator.Build.0 = Release|Any CPU
		{FB1756BA-5D9D-4397-B7A4-D99959AD69A0}.Release|x86.ActiveCfg = Release|Any CPU
		{FB1756BA-5D9D-4397-B7A4-D99959AD69A0}.Release|x86.Build.0 = Release|Any CPU
		{51626883-E349-43FD-A4D8-81040F18F149}.AppStore|Any CPU.ActiveCfg = Release|Any CPU
		{51626883-E349-43FD-A4D8-81040F18F149}.AppStore|Any CPU.Build.0 = Release|Any CPU
		{51626883-E349-43FD-A4D8-81040F18F149}.AppStore|ARM.ActiveCfg = Release|Any CPU
		{51626883-E349-43FD-A4D8-81040F18F149}.AppStore|ARM.Build.0 = Release|Any CPU
		{51626883-E349-43FD-A4D8-81040F18F149}.AppStore|iPhone.ActiveCfg = Release|Any CPU
		{51626883-E349-43FD-A4D8-81040F18F149}.AppStore|iPhone.Build.0 = Release|Any CPU
		{51626883-E349-43FD-A4D8-81040F18F149}.AppStore|iPhoneSimulator.ActiveCfg = Release|Any CPU
		{51626883-E349-43FD-A4D8-81040F18F149}.AppStore|iPhoneSimulator.Build.0 = Release|Any CPU
		{51626883-E349-43FD-A4D8-81040F18F149}.AppStore|x86.ActiveCfg = Release|Any CPU
		{51626883-E349-43FD-A4D8-81040F18F149}.AppStore|x86.Build.0 = Release|Any CPU
		{51626883-E349-43FD-A4D8-81040F18F149}.Debug|Any CPU.ActiveCfg = Debug|Any CPU
		{51626883-E349-43FD-A4D8-81040F18F149}.Debug|Any CPU.Build.0 = Debug|Any CPU
		{51626883-E349-43FD-A4D8-81040F18F149}.Debug|ARM.ActiveCfg = Debug|Any CPU
		{51626883-E349-43FD-A4D8-81040F18F149}.Debug|ARM.Build.0 = Debug|Any CPU
		{51626883-E349-43FD-A4D8-81040F18F149}.Debug|iPhone.ActiveCfg = Debug|Any CPU
		{51626883-E349-43FD-A4D8-81040F18F149}.Debug|iPhone.Build.0 = Debug|Any CPU
		{51626883-E349-43FD-A4D8-81040F18F149}.Debug|iPhoneSimulator.ActiveCfg = Debug|Any CPU
		{51626883-E349-43FD-A4D8-81040F18F149}.Debug|iPhoneSimulator.Build.0 = Debug|Any CPU
		{51626883-E349-43FD-A4D8-81040F18F149}.Debug|x86.ActiveCfg = Debug|Any CPU
		{51626883-E349-43FD-A4D8-81040F18F149}.Debug|x86.Build.0 = Debug|Any CPU
		{51626883-E349-43FD-A4D8-81040F18F149}.Release|Any CPU.ActiveCfg = Release|Any CPU
		{51626883-E349-43FD-A4D8-81040F18F149}.Release|Any CPU.Build.0 = Release|Any CPU
		{51626883-E349-43FD-A4D8-81040F18F149}.Release|ARM.ActiveCfg = Release|Any CPU
		{51626883-E349-43FD-A4D8-81040F18F149}.Release|ARM.Build.0 = Release|Any CPU
		{51626883-E349-43FD-A4D8-81040F18F149}.Release|iPhone.ActiveCfg = Release|Any CPU
		{51626883-E349-43FD-A4D8-81040F18F149}.Release|iPhone.Build.0 = Release|Any CPU
		{51626883-E349-43FD-A4D8-81040F18F149}.Release|iPhoneSimulator.ActiveCfg = Release|Any CPU
		{51626883-E349-43FD-A4D8-81040F18F149}.Release|iPhoneSimulator.Build.0 = Release|Any CPU
		{51626883-E349-43FD-A4D8-81040F18F149}.Release|x86.ActiveCfg = Release|Any CPU
		{51626883-E349-43FD-A4D8-81040F18F149}.Release|x86.Build.0 = Release|Any CPU
	EndGlobalSection
	GlobalSection(SolutionProperties) = preSolution
		HideSolutionNode = FALSE
	EndGlobalSection
EndGlobal
